
Microsoft Visual Studio Solution File, Format Version 12.00
# Visual Studio Version 17
VisualStudioVersion = 17.3.32819.101
MinimumVisualStudioVersion = 10.0.40219.1
Project("{FAE04EC0-301F-11D3-BF4B-00C04F79EFBC}") = "Weather_App", "Weather_App\Weather_App.csproj", "{22DB17D0-86FE-4931-A141-DCBA1E36EF86}"
EndProject
Global
	GlobalSection(SolutionConfigurationPlatforms) = preSolution
		Debug|Any CPU = Debug|Any CPU
		Release|Any CPU = Release|Any CPU
	EndGlobalSection
	GlobalSection(ProjectConfigurationPlatforms) = postSolution
		{22DB17D0-86FE-4931-A141-DCBA1E36EF86}.Debug|Any CPU.ActiveCfg = Debug|Any CPU
		{22DB17D0-86FE-4931-A141-DCBA1E36EF86}.Debug|Any CPU.Build.0 = Debug|Any CPU
		{22DB17D0-86FE-4931-A141-DCBA1E36EF86}.Release|Any CPU.ActiveCfg = Release|Any CPU
		{22DB17D0-86FE-4931-A141-DCBA1E36EF86}.Release|Any CPU.Build.0 = Release|Any CPU
	EndGlobalSection
	GlobalSection(SolutionProperties) = preSolution
		HideSolutionNode = FALSE
	EndGlobalSection
	GlobalSection(ExtensibilityGlobals) = postSolution
		SolutionGuid = {4BE39C4D-A6BE-40D5-B61E-47514C09AEFC}
	EndGlobalSection
EndGlobal
